// !$*UTF8*$!
{
	archiveVersion = 1;
	classes = {
	};
	objectVersion = 56;
	objects = {

/* Begin PBXBuildFile section */
		B546A8CF2983ED21009349AC /* RecentMessage.swift in Sources */ = {isa = PBXBuildFile; fileRef = B546A8CE2983ED21009349AC /* RecentMessage.swift */; };
		B546A8D12983ED53009349AC /* ChatMessage.swift in Sources */ = {isa = PBXBuildFile; fileRef = B546A8D02983ED52009349AC /* ChatMessage.swift */; };
		B546A8D42983EE65009349AC /* FirebaseAuth in Frameworks */ = {isa = PBXBuildFile; productRef = B546A8D32983EE65009349AC /* FirebaseAuth */; };
		B546A8D62983EE65009349AC /* FirebaseFirestore in Frameworks */ = {isa = PBXBuildFile; productRef = B546A8D52983EE65009349AC /* FirebaseFirestore */; };
		B546A8D82983EE65009349AC /* FirebaseFirestoreSwift in Frameworks */ = {isa = PBXBuildFile; productRef = B546A8D72983EE65009349AC /* FirebaseFirestoreSwift */; };
		B546A8DA2983EE65009349AC /* FirebaseStorage in Frameworks */ = {isa = PBXBuildFile; productRef = B546A8D92983EE65009349AC /* FirebaseStorage */; };
		B546A8DC29844014009349AC /* FirebaseConstants.swift in Sources */ = {isa = PBXBuildFile; fileRef = B546A8DB29844014009349AC /* FirebaseConstants.swift */; };
		B546A8DF2984512B009349AC /* ChatViewModel.swift in Sources */ = {isa = PBXBuildFile; fileRef = B546A8DE2984512B009349AC /* ChatViewModel.swift */; };
		B546A8E2298451B9009349AC /* MessageView.swift in Sources */ = {isa = PBXBuildFile; fileRef = B546A8E1298451B9009349AC /* MessageView.swift */; };
		B546A8E4298452CD009349AC /* NewChatViewModel.swift in Sources */ = {isa = PBXBuildFile; fileRef = B546A8E3298452CD009349AC /* NewChatViewModel.swift */; };
		B546A8E629845413009349AC /* AllChatsViewModel.swift in Sources */ = {isa = PBXBuildFile; fileRef = B546A8E529845413009349AC /* AllChatsViewModel.swift */; };
		B546A8EB2985479E009349AC /* Roboto-Bold.ttf in Resources */ = {isa = PBXBuildFile; fileRef = B546A8E82985479D009349AC /* Roboto-Bold.ttf */; };
		B546A8EC2985479E009349AC /* Roboto-Regular.ttf in Resources */ = {isa = PBXBuildFile; fileRef = B546A8E92985479E009349AC /* Roboto-Regular.ttf */; };
		B546A8ED2985479E009349AC /* Roboto-Medium.ttf in Resources */ = {isa = PBXBuildFile; fileRef = B546A8EA2985479E009349AC /* Roboto-Medium.ttf */; };
		B546A8EF298547AF009349AC /* RobotoFont.swift in Sources */ = {isa = PBXBuildFile; fileRef = B546A8EE298547AF009349AC /* RobotoFont.swift */; };
		B546A8F22985C976009349AC /* Launch Screen.storyboard in Resources */ = {isa = PBXBuildFile; fileRef = B546A8F12985C976009349AC /* Launch Screen.storyboard */; };
		B5EA031329803974002D394E /* FirebaseChatAppApp.swift in Sources */ = {isa = PBXBuildFile; fileRef = B5EA031229803974002D394E /* FirebaseChatAppApp.swift */; };
		B5EA031529803974002D394E /* LoginView.swift in Sources */ = {isa = PBXBuildFile; fileRef = B5EA031429803974002D394E /* LoginView.swift */; };
		B5EA031729803976002D394E /* Assets.xcassets in Resources */ = {isa = PBXBuildFile; fileRef = B5EA031629803976002D394E /* Assets.xcassets */; };
		B5EA031A29803976002D394E /* Preview Assets.xcassets in Resources */ = {isa = PBXBuildFile; fileRef = B5EA031929803976002D394E /* Preview Assets.xcassets */; };
		B5EA032629804C44002D394E /* GoogleService-Info.plist in Resources */ = {isa = PBXBuildFile; fileRef = B5EA032529804C44002D394E /* GoogleService-Info.plist */; };
		B5EA032829807000002D394E /* ImagePicker.swift in Sources */ = {isa = PBXBuildFile; fileRef = B5EA032729807000002D394E /* ImagePicker.swift */; };
		B5EA0332298111B6002D394E /* AllChatsView.swift in Sources */ = {isa = PBXBuildFile; fileRef = B5EA0331298111B6002D394E /* AllChatsView.swift */; };
		B5EA033529818EF4002D394E /* FirebaseManager.swift in Sources */ = {isa = PBXBuildFile; fileRef = B5EA033429818EF4002D394E /* FirebaseManager.swift */; };
		B5EA033829819A61002D394E /* SDWebImageSwiftUI in Frameworks */ = {isa = PBXBuildFile; productRef = B5EA033729819A61002D394E /* SDWebImageSwiftUI */; };
		B5EA033B2981BC19002D394E /* ChatUser.swift in Sources */ = {isa = PBXBuildFile; fileRef = B5EA033A2981BC18002D394E /* ChatUser.swift */; };
		B5EA033E2982550A002D394E /* NewChatView.swift in Sources */ = {isa = PBXBuildFile; fileRef = B5EA033D2982550A002D394E /* NewChatView.swift */; };
		B5EA03412982943B002D394E /* ChatView.swift in Sources */ = {isa = PBXBuildFile; fileRef = B5EA03402982943B002D394E /* ChatView.swift */; };
/* End PBXBuildFile section */

/* Begin PBXFileReference section */
		B546A8CE2983ED21009349AC /* RecentMessage.swift */ = {isa = PBXFileReference; lastKnownFileType = sourcecode.swift; path = RecentMessage.swift; sourceTree = "<group>"; };
		B546A8D02983ED52009349AC /* ChatMessage.swift */ = {isa = PBXFileReference; lastKnownFileType = sourcecode.swift; path = ChatMessage.swift; sourceTree = "<group>"; };
		B546A8DB29844014009349AC /* FirebaseConstants.swift */ = {isa = PBXFileReference; lastKnownFileType = sourcecode.swift; path = FirebaseConstants.swift; sourceTree = "<group>"; };
		B546A8DE2984512B009349AC /* ChatViewModel.swift */ = {isa = PBXFileReference; lastKnownFileType = sourcecode.swift; path = ChatViewModel.swift; sourceTree = "<group>"; };
		B546A8E1298451B9009349AC /* MessageView.swift */ = {isa = PBXFileReference; lastKnownFileType = sourcecode.swift; path = MessageView.swift; sourceTree = "<group>"; };
		B546A8E3298452CD009349AC /* NewChatViewModel.swift */ = {isa = PBXFileReference; lastKnownFileType = sourcecode.swift; path = NewChatViewModel.swift; sourceTree = "<group>"; };
		B546A8E529845413009349AC /* AllChatsViewModel.swift */ = {isa = PBXFileReference; lastKnownFileType = sourcecode.swift; path = AllChatsViewModel.swift; sourceTree = "<group>"; };
		B546A8E82985479D009349AC /* Roboto-Bold.ttf */ = {isa = PBXFileReference; lastKnownFileType = file; path = "Roboto-Bold.ttf"; sourceTree = "<group>"; };
		B546A8E92985479E009349AC /* Roboto-Regular.ttf */ = {isa = PBXFileReference; lastKnownFileType = file; path = "Roboto-Regular.ttf"; sourceTree = "<group>"; };
		B546A8EA2985479E009349AC /* Roboto-Medium.ttf */ = {isa = PBXFileReference; lastKnownFileType = file; path = "Roboto-Medium.ttf"; sourceTree = "<group>"; };
		B546A8EE298547AF009349AC /* RobotoFont.swift */ = {isa = PBXFileReference; lastKnownFileType = sourcecode.swift; path = RobotoFont.swift; sourceTree = "<group>"; };
		B546A8F029854813009349AC /* Info.plist */ = {isa = PBXFileReference; lastKnownFileType = text.plist; path = Info.plist; sourceTree = "<group>"; };
		B546A8F12985C976009349AC /* Launch Screen.storyboard */ = {isa = PBXFileReference; fileEncoding = 4; lastKnownFileType = file.storyboard; path = "Launch Screen.storyboard"; sourceTree = "<group>"; };
		B5EA030F29803974002D394E /* FirebaseChatApp.app */ = {isa = PBXFileReference; explicitFileType = wrapper.application; includeInIndex = 0; path = FirebaseChatApp.app; sourceTree = BUILT_PRODUCTS_DIR; };
		B5EA031229803974002D394E /* FirebaseChatAppApp.swift */ = {isa = PBXFileReference; lastKnownFileType = sourcecode.swift; path = FirebaseChatAppApp.swift; sourceTree = "<group>"; };
		B5EA031429803974002D394E /* LoginView.swift */ = {isa = PBXFileReference; lastKnownFileType = sourcecode.swift; path = LoginView.swift; sourceTree = "<group>"; };
		B5EA031629803976002D394E /* Assets.xcassets */ = {isa = PBXFileReference; lastKnownFileType = folder.assetcatalog; path = Assets.xcassets; sourceTree = "<group>"; };
		B5EA031929803976002D394E /* Preview Assets.xcassets */ = {isa = PBXFileReference; lastKnownFileType = folder.assetcatalog; path = "Preview Assets.xcassets"; sourceTree = "<group>"; };
		B5EA032529804C44002D394E /* GoogleService-Info.plist */ = {isa = PBXFileReference; fileEncoding = 4; lastKnownFileType = text.plist.xml; path = "GoogleService-Info.plist"; sourceTree = "<group>"; };
		B5EA032729807000002D394E /* ImagePicker.swift */ = {isa = PBXFileReference; lastKnownFileType = sourcecode.swift; path = ImagePicker.swift; sourceTree = "<group>"; };
		B5EA0331298111B6002D394E /* AllChatsView.swift */ = {isa = PBXFileReference; lastKnownFileType = sourcecode.swift; path = AllChatsView.swift; sourceTree = "<group>"; };
		B5EA033429818EF4002D394E /* FirebaseManager.swift */ = {isa = PBXFileReference; lastKnownFileType = sourcecode.swift; path = FirebaseManager.swift; sourceTree = "<group>"; };
		B5EA033A2981BC18002D394E /* ChatUser.swift */ = {isa = PBXFileReference; lastKnownFileType = sourcecode.swift; path = ChatUser.swift; sourceTree = "<group>"; };
		B5EA033D2982550A002D394E /* NewChatView.swift */ = {isa = PBXFileReference; lastKnownFileType = sourcecode.swift; path = NewChatView.swift; sourceTree = "<group>"; };
		B5EA03402982943B002D394E /* ChatView.swift */ = {isa = PBXFileReference; lastKnownFileType = sourcecode.swift; path = ChatView.swift; sourceTree = "<group>"; };
/* End PBXFileReference section */

/* Begin PBXFrameworksBuildPhase section */
		B5EA030C29803974002D394E /* Frameworks */ = {
			isa = PBXFrameworksBuildPhase;
			buildActionMask = 2147483647;
			files = (
				B5EA033829819A61002D394E /* SDWebImageSwiftUI in Frameworks */,
				B546A8D42983EE65009349AC /* FirebaseAuth in Frameworks */,
				B546A8D62983EE65009349AC /* FirebaseFirestore in Frameworks */,
				B546A8DA2983EE65009349AC /* FirebaseStorage in Frameworks */,
				B546A8D82983EE65009349AC /* FirebaseFirestoreSwift in Frameworks */,
			);
			runOnlyForDeploymentPostprocessing = 0;
		};
/* End PBXFrameworksBuildPhase section */

/* Begin PBXGroup section */
		B546A8DD298450FE009349AC /* ViewModel */ = {
			isa = PBXGroup;
			children = (
				B546A8DE2984512B009349AC /* ChatViewModel.swift */,
				B546A8E3298452CD009349AC /* NewChatViewModel.swift */,
				B546A8E529845413009349AC /* AllChatsViewModel.swift */,
			);
			path = ViewModel;
			sourceTree = "<group>";
		};
		B546A8E029845187009349AC /* View */ = {
			isa = PBXGroup;
			children = (
				B5EA031429803974002D394E /* LoginView.swift */,
				B5EA0331298111B6002D394E /* AllChatsView.swift */,
				B546A8E1298451B9009349AC /* MessageView.swift */,
				B5EA03402982943B002D394E /* ChatView.swift */,
				B5EA033D2982550A002D394E /* NewChatView.swift */,
				B5EA032729807000002D394E /* ImagePicker.swift */,
			);
			path = View;
			sourceTree = "<group>";
		};
		B546A8E729854753009349AC /* Fonts */ = {
			isa = PBXGroup;
			children = (
				B546A8E82985479D009349AC /* Roboto-Bold.ttf */,
				B546A8EA2985479E009349AC /* Roboto-Medium.ttf */,
				B546A8E92985479E009349AC /* Roboto-Regular.ttf */,
				B546A8EE298547AF009349AC /* RobotoFont.swift */,
			);
			path = Fonts;
			sourceTree = "<group>";
		};
		B5EA030629803973002D394E = {
			isa = PBXGroup;
			children = (
				B5EA031129803974002D394E /* FirebaseChatApp */,
				B5EA031029803974002D394E /* Products */,
			);
			sourceTree = "<group>";
		};
		B5EA031029803974002D394E /* Products */ = {
			isa = PBXGroup;
			children = (
				B5EA030F29803974002D394E /* FirebaseChatApp.app */,
			);
			name = Products;
			sourceTree = "<group>";
		};
		B5EA031129803974002D394E /* FirebaseChatApp */ = {
			isa = PBXGroup;
			children = (
				B546A8F029854813009349AC /* Info.plist */,
				B546A8E729854753009349AC /* Fonts */,
				B5EA033329818EE8002D394E /* Firebase */,
				B5EA03392981BC0A002D394E /* Model */,
				B546A8E029845187009349AC /* View */,
				B546A8DD298450FE009349AC /* ViewModel */,
				B5EA031229803974002D394E /* FirebaseChatAppApp.swift */,
				B5EA032529804C44002D394E /* GoogleService-Info.plist */,
				B546A8F12985C976009349AC /* Launch Screen.storyboard */,
				B5EA031629803976002D394E /* Assets.xcassets */,
				B5EA031829803976002D394E /* Preview Content */,
			);
			path = FirebaseChatApp;
			sourceTree = "<group>";
		};
		B5EA031829803976002D394E /* Preview Content */ = {
			isa = PBXGroup;
			children = (
				B5EA031929803976002D394E /* Preview Assets.xcassets */,
			);
			path = "Preview Content";
			sourceTree = "<group>";
		};
		B5EA033329818EE8002D394E /* Firebase */ = {
			isa = PBXGroup;
			children = (
				B5EA033429818EF4002D394E /* FirebaseManager.swift */,
				B546A8DB29844014009349AC /* FirebaseConstants.swift */,
			);
			path = Firebase;
			sourceTree = "<group>";
		};
		B5EA03392981BC0A002D394E /* Model */ = {
			isa = PBXGroup;
			children = (
				B5EA033A2981BC18002D394E /* ChatUser.swift */,
				B546A8D02983ED52009349AC /* ChatMessage.swift */,
				B546A8CE2983ED21009349AC /* RecentMessage.swift */,
			);
			path = Model;
			sourceTree = "<group>";
		};
/* End PBXGroup section */

/* Begin PBXNativeTarget section */
		B5EA030E29803974002D394E /* FirebaseChatApp */ = {
			isa = PBXNativeTarget;
			buildConfigurationList = B5EA031D29803976002D394E /* Build configuration list for PBXNativeTarget "FirebaseChatApp" */;
			buildPhases = (
				B5EA030B29803974002D394E /* Sources */,
				B5EA030C29803974002D394E /* Frameworks */,
				B5EA030D29803974002D394E /* Resources */,
			);
			buildRules = (
			);
			dependencies = (
			);
			name = FirebaseChatApp;
			packageProductDependencies = (
				B5EA033729819A61002D394E /* SDWebImageSwiftUI */,
				B546A8D32983EE65009349AC /* FirebaseAuth */,
				B546A8D52983EE65009349AC /* FirebaseFirestore */,
				B546A8D72983EE65009349AC /* FirebaseFirestoreSwift */,
				B546A8D92983EE65009349AC /* FirebaseStorage */,
			);
			productName = FirebaseChatApp;
			productReference = B5EA030F29803974002D394E /* FirebaseChatApp.app */;
			productType = "com.apple.product-type.application";
		};
/* End PBXNativeTarget section */

/* Begin PBXProject section */
		B5EA030729803973002D394E /* Project object */ = {
			isa = PBXProject;
			attributes = {
				BuildIndependentTargetsInParallel = 1;
				LastSwiftUpdateCheck = 1420;
				LastUpgradeCheck = 1420;
				TargetAttributes = {
					B5EA030E29803974002D394E = {
						CreatedOnToolsVersion = 14.2;
					};
				};
			};
			buildConfigurationList = B5EA030A29803974002D394E /* Build configuration list for PBXProject "FirebaseChatApp" */;
			compatibilityVersion = "Xcode 14.0";
			developmentRegion = en;
			hasScannedForEncodings = 0;
			knownRegions = (
				en,
				Base,
			);
			mainGroup = B5EA030629803973002D394E;
			packageReferences = (
				B5EA033629819A60002D394E /* XCRemoteSwiftPackageReference "SDWebImageSwiftUI" */,
				B546A8D22983EE65009349AC /* XCRemoteSwiftPackageReference "firebase-ios-sdk" */,
			);
			productRefGroup = B5EA031029803974002D394E /* Products */;
			projectDirPath = "";
			projectRoot = "";
			targets = (
				B5EA030E29803974002D394E /* FirebaseChatApp */,
			);
		};
/* End PBXProject section */

/* Begin PBXResourcesBuildPhase section */
		B5EA030D29803974002D394E /* Resources */ = {
			isa = PBXResourcesBuildPhase;
			buildActionMask = 2147483647;
			files = (
				B5EA031A29803976002D394E /* Preview Assets.xcassets in Resources */,
				B5EA031729803976002D394E /* Assets.xcassets in Resources */,
				B546A8ED2985479E009349AC /* Roboto-Medium.ttf in Resources */,
				B546A8EC2985479E009349AC /* Roboto-Regular.ttf in Resources */,
				B546A8EB2985479E009349AC /* Roboto-Bold.ttf in Resources */,
				B5EA032629804C44002D394E /* GoogleService-Info.plist in Resources */,
				B546A8F22985C976009349AC /* Launch Screen.storyboard in Resources */,
			);
			runOnlyForDeploymentPostprocessing = 0;
		};
/* End PBXResourcesBuildPhase section */

/* Begin PBXSourcesBuildPhase section */
		B5EA030B29803974002D394E /* Sources */ = {
			isa = PBXSourcesBuildPhase;
			buildActionMask = 2147483647;
			files = (
				B5EA033B2981BC19002D394E /* ChatUser.swift in Sources */,
				B5EA03412982943B002D394E /* ChatView.swift in Sources */,
				B546A8CF2983ED21009349AC /* RecentMessage.swift in Sources */,
				B546A8D12983ED53009349AC /* ChatMessage.swift in Sources */,
				B5EA032829807000002D394E /* ImagePicker.swift in Sources */,
				B546A8E2298451B9009349AC /* MessageView.swift in Sources */,
				B5EA0332298111B6002D394E /* AllChatsView.swift in Sources */,
				B546A8EF298547AF009349AC /* RobotoFont.swift in Sources */,
				B5EA033529818EF4002D394E /* FirebaseManager.swift in Sources */,
				B5EA033E2982550A002D394E /* NewChatView.swift in Sources */,
				B546A8E4298452CD009349AC /* NewChatViewModel.swift in Sources */,
				B5EA031529803974002D394E /* LoginView.swift in Sources */,
				B546A8DC29844014009349AC /* FirebaseConstants.swift in Sources */,
				B5EA031329803974002D394E /* FirebaseChatAppApp.swift in Sources */,
				B546A8DF2984512B009349AC /* ChatViewModel.swift in Sources */,
				B546A8E629845413009349AC /* AllChatsViewModel.swift in Sources */,
			);
			runOnlyForDeploymentPostprocessing = 0;
		};
/* End PBXSourcesBuildPhase section */

/* Begin XCBuildConfiguration section */
		B5EA031B29803976002D394E /* Debug */ = {
			isa = XCBuildConfiguration;
			buildSettings = {
				ALWAYS_SEARCH_USER_PATHS = NO;
				CLANG_ANALYZER_NONNULL = YES;
				CLANG_ANALYZER_NUMBER_OBJECT_CONVERSION = YES_AGGRESSIVE;
				CLANG_CXX_LANGUAGE_STANDARD = "gnu++20";
				CLANG_ENABLE_MODULES = YES;
				CLANG_ENABLE_OBJC_ARC = YES;
				CLANG_ENABLE_OBJC_WEAK = YES;
				CLANG_WARN_BLOCK_CAPTURE_AUTORELEASING = YES;
				CLANG_WARN_BOOL_CONVERSION = YES;
				CLANG_WARN_COMMA = YES;
				CLANG_WARN_CONSTANT_CONVERSION = YES;
				CLANG_WARN_DEPRECATED_OBJC_IMPLEMENTATIONS = YES;
				CLANG_WARN_DIRECT_OBJC_ISA_USAGE = YES_ERROR;
				CLANG_WARN_DOCUMENTATION_COMMENTS = YES;
				CLANG_WARN_EMPTY_BODY = YES;
				CLANG_WARN_ENUM_CONVERSION = YES;
				CLANG_WARN_INFINITE_RECURSION = YES;
				CLANG_WARN_INT_CONVERSION = YES;
				CLANG_WARN_NON_LITERAL_NULL_CONVERSION = YES;
				CLANG_WARN_OBJC_IMPLICIT_RETAIN_SELF = YES;
				CLANG_WARN_OBJC_LITERAL_CONVERSION = YES;
				CLANG_WARN_OBJC_ROOT_CLASS = YES_ERROR;
				CLANG_WARN_QUOTED_INCLUDE_IN_FRAMEWORK_HEADER = YES;
				CLANG_WARN_RANGE_LOOP_ANALYSIS = YES;
				CLANG_WARN_STRICT_PROTOTYPES = YES;
				CLANG_WARN_SUSPICIOUS_MOVE = YES;
				CLANG_WARN_UNGUARDED_AVAILABILITY = YES_AGGRESSIVE;
				CLANG_WARN_UNREACHABLE_CODE = YES;
				CLANG_WARN__DUPLICATE_METHOD_MATCH = YES;
				COPY_PHASE_STRIP = NO;
				DEBUG_INFORMATION_FORMAT = dwarf;
				ENABLE_STRICT_OBJC_MSGSEND = YES;
				ENABLE_TESTABILITY = YES;
				GCC_C_LANGUAGE_STANDARD = gnu11;
				GCC_DYNAMIC_NO_PIC = NO;
				GCC_NO_COMMON_BLOCKS = YES;
				GCC_OPTIMIZATION_LEVEL = 0;
				GCC_PREPROCESSOR_DEFINITIONS = (
					"DEBUG=1",
					"$(inherited)",
				);
				GCC_WARN_64_TO_32_BIT_CONVERSION = YES;
				GCC_WARN_ABOUT_RETURN_TYPE = YES_ERROR;
				GCC_WARN_UNDECLARED_SELECTOR = YES;
				GCC_WARN_UNINITIALIZED_AUTOS = YES_AGGRESSIVE;
				GCC_WARN_UNUSED_FUNCTION = YES;
				GCC_WARN_UNUSED_VARIABLE = YES;
				IPHONEOS_DEPLOYMENT_TARGET = 16.2;
				MTL_ENABLE_DEBUG_INFO = INCLUDE_SOURCE;
				MTL_FAST_MATH = YES;
				ONLY_ACTIVE_ARCH = YES;
				SDKROOT = iphoneos;
				SWIFT_ACTIVE_COMPILATION_CONDITIONS = DEBUG;
				SWIFT_OPTIMIZATION_LEVEL = "-Onone";
			};
			name = Debug;
		};
		B5EA031C29803976002D394E /* Release */ = {
			isa = XCBuildConfiguration;
			buildSettings = {
				ALWAYS_SEARCH_USER_PATHS = NO;
				CLANG_ANALYZER_NONNULL = YES;
				CLANG_ANALYZER_NUMBER_OBJECT_CONVERSION = YES_AGGRESSIVE;
				CLANG_CXX_LANGUAGE_STANDARD = "gnu++20";
				CLANG_ENABLE_MODULES = YES;
				CLANG_ENABLE_OBJC_ARC = YES;
				CLANG_ENABLE_OBJC_WEAK = YES;
				CLANG_WARN_BLOCK_CAPTURE_AUTORELEASING = YES;
				CLANG_WARN_BOOL_CONVERSION = YES;
				CLANG_WARN_COMMA = YES;
				CLANG_WARN_CONSTANT_CONVERSION = YES;
				CLANG_WARN_DEPRECATED_OBJC_IMPLEMENTATIONS = YES;
				CLANG_WARN_DIRECT_OBJC_ISA_USAGE = YES_ERROR;
				CLANG_WARN_DOCUMENTATION_COMMENTS = YES;
				CLANG_WARN_EMPTY_BODY = YES;
				CLANG_WARN_ENUM_CONVERSION = YES;
				CLANG_WARN_INFINITE_RECURSION = YES;
				CLANG_WARN_INT_CONVERSION = YES;
				CLANG_WARN_NON_LITERAL_NULL_CONVERSION = YES;
				CLANG_WARN_OBJC_IMPLICIT_RETAIN_SELF = YES;
				CLANG_WARN_OBJC_LITERAL_CONVERSION = YES;
				CLANG_WARN_OBJC_ROOT_CLASS = YES_ERROR;
				CLANG_WARN_QUOTED_INCLUDE_IN_FRAMEWORK_HEADER = YES;
				CLANG_WARN_RANGE_LOOP_ANALYSIS = YES;
				CLANG_WARN_STRICT_PROTOTYPES = YES;
				CLANG_WARN_SUSPICIOUS_MOVE = YES;
				CLANG_WARN_UNGUARDED_AVAILABILITY = YES_AGGRESSIVE;
				CLANG_WARN_UNREACHABLE_CODE = YES;
				CLANG_WARN__DUPLICATE_METHOD_MATCH = YES;
				COPY_PHASE_STRIP = NO;
				DEBUG_INFORMATION_FORMAT = "dwarf-with-dsym";
				ENABLE_NS_ASSERTIONS = NO;
				ENABLE_STRICT_OBJC_MSGSEND = YES;
				GCC_C_LANGUAGE_STANDARD = gnu11;
				GCC_NO_COMMON_BLOCKS = YES;
				GCC_WARN_64_TO_32_BIT_CONVERSION = YES;
				GCC_WARN_ABOUT_RETURN_TYPE = YES_ERROR;
				GCC_WARN_UNDECLARED_SELECTOR = YES;
				GCC_WARN_UNINITIALIZED_AUTOS = YES_AGGRESSIVE;
				GCC_WARN_UNUSED_FUNCTION = YES;
				GCC_WARN_UNUSED_VARIABLE = YES;
				IPHONEOS_DEPLOYMENT_TARGET = 16.2;
				MTL_ENABLE_DEBUG_INFO = NO;
				MTL_FAST_MATH = YES;
				SDKROOT = iphoneos;
				SWIFT_COMPILATION_MODE = wholemodule;
				SWIFT_OPTIMIZATION_LEVEL = "-O";
				VALIDATE_PRODUCT = YES;
			};
			name = Release;
		};
		B5EA031E29803976002D394E /* Debug */ = {
			isa = XCBuildConfiguration;
			buildSettings = {
				ASSETCATALOG_COMPILER_APPICON_NAME = AppIcon;
				ASSETCATALOG_COMPILER_GLOBAL_ACCENT_COLOR_NAME = AccentColor;
				CODE_SIGN_STYLE = Automatic;
				CURRENT_PROJECT_VERSION = 1;
				DEVELOPMENT_ASSET_PATHS = "\"FirebaseChatApp/Preview Content\"";
				DEVELOPMENT_TEAM = J6J4USC39N;
				ENABLE_PREVIEWS = YES;
				GENERATE_INFOPLIST_FILE = YES;
				INFOPLIST_FILE = FirebaseChatApp/Info.plist;
				INFOPLIST_KEY_UIApplicationSceneManifest_Generation = YES;
				INFOPLIST_KEY_UIApplicationSupportsIndirectInputEvents = YES;
				INFOPLIST_KEY_UILaunchScreen_Generation = YES;
				INFOPLIST_KEY_UILaunchStoryboardName = "Launch Screen.storyboard";
				INFOPLIST_KEY_UISupportedInterfaceOrientations_iPad = "UIInterfaceOrientationPortrait UIInterfaceOrientationPortraitUpsideDown UIInterfaceOrientationLandscapeLeft UIInterfaceOrientationLandscapeRight";
				INFOPLIST_KEY_UISupportedInterfaceOrientations_iPhone = "UIInterfaceOrientationPortrait UIInterfaceOrientationLandscapeLeft UIInterfaceOrientationLandscapeRight";
				LD_RUNPATH_SEARCH_PATHS = (
					"$(inherited)",
					"@executable_path/Frameworks",
				);
				MARKETING_VERSION = 1.0;
				PRODUCT_BUNDLE_IDENTIFIER = com.bolgardanchenko.FirebaseChatApp;
				PRODUCT_NAME = "$(TARGET_NAME)";
				SWIFT_EMIT_LOC_STRINGS = YES;
				SWIFT_VERSION = 5.0;
				TARGETED_DEVICE_FAMILY = "1,2";
			};
			name = Debug;
		};
		B5EA031F29803976002D394E /* Release */ = {
			isa = XCBuildConfiguration;
			buildSettings = {
				ASSETCATALOG_COMPILER_APPICON_NAME = AppIcon;
				ASSETCATALOG_COMPILER_GLOBAL_ACCENT_COLOR_NAME = AccentColor;
				CODE_SIGN_STYLE = Automatic;
				CURRENT_PROJECT_VERSION = 1;
				DEVELOPMENT_ASSET_PATHS = "\"FirebaseChatApp/Preview Content\"";
				DEVELOPMENT_TEAM = J6J4USC39N;
				ENABLE_PREVIEWS = YES;
				GENERATE_INFOPLIST_FILE = YES;
				INFOPLIST_FILE = FirebaseChatApp/Info.plist;
				INFOPLIST_KEY_UIApplicationSceneManifest_Generation = YES;
				INFOPLIST_KEY_UIApplicationSupportsIndirectInputEvents = YES;
				INFOPLIST_KEY_UILaunchScreen_Generation = YES;
				INFOPLIST_KEY_UILaunchStoryboardName = "Launch Screen.storyboard";
				INFOPLIST_KEY_UISupportedInterfaceOrientations_iPad = "UIInterfaceOrientationPortrait UIInterfaceOrientationPortraitUpsideDown UIInterfaceOrientationLandscapeLeft UIInterfaceOrientationLandscapeRight";
				INFOPLIST_KEY_UISupportedInterfaceOrientations_iPhone = "UIInterfaceOrientationPortrait UIInterfaceOrientationLandscapeLeft UIInterfaceOrientationLandscapeRight";
				LD_RUNPATH_SEARCH_PATHS = (
					"$(inherited)",
					"@executable_path/Frameworks",
				);
				MARKETING_VERSION = 1.0;
				PRODUCT_BUNDLE_IDENTIFIER = com.bolgardanchenko.FirebaseChatApp;
				PRODUCT_NAME = "$(TARGET_NAME)";
				SWIFT_EMIT_LOC_STRINGS = YES;
				SWIFT_VERSION = 5.0;
				TARGETED_DEVICE_FAMILY = "1,2";
			};
			name = Release;
		};
/* End XCBuildConfiguration section */

/* Begin XCConfigurationList section */
		B5EA030A29803974002D394E /* Build configuration list for PBXProject "FirebaseChatApp" */ = {
			isa = XCConfigurationList;
			buildConfigurations = (
				B5EA031B29803976002D394E /* Debug */,
				B5EA031C29803976002D394E /* Release */,
			);
			defaultConfigurationIsVisible = 0;
			defaultConfigurationName = Release;
		};
		B5EA031D29803976002D394E /* Build configuration list for PBXNativeTarget "FirebaseChatApp" */ = {
			isa = XCConfigurationList;
			buildConfigurations = (
				B5EA031E29803976002D394E /* Debug */,
				B5EA031F29803976002D394E /* Release */,
			);
			defaultConfigurationIsVisible = 0;
			defaultConfigurationName = Release;
		};
/* End XCConfigurationList section */

/* Begin XCRemoteSwiftPackageReference section */
		B546A8D22983EE65009349AC /* XCRemoteSwiftPackageReference "firebase-ios-sdk" */ = {
			isa = XCRemoteSwiftPackageReference;
			repositoryURL = "https://github.com/firebase/firebase-ios-sdk.git";
			requirement = {
				kind = upToNextMajorVersion;
				minimumVersion = 9.0.0;
			};
		};
		B5EA033629819A60002D394E /* XCRemoteSwiftPackageReference "SDWebImageSwiftUI" */ = {
			isa = XCRemoteSwiftPackageReference;
			repositoryURL = "https://github.com/SDWebImage/SDWebImageSwiftUI";
			requirement = {
				kind = upToNextMajorVersion;
				minimumVersion = 2.0.0;
			};
		};
/* End XCRemoteSwiftPackageReference section */

/* Begin XCSwiftPackageProductDependency section */
		B546A8D32983EE65009349AC /* FirebaseAuth */ = {
			isa = XCSwiftPackageProductDependency;
			package = B546A8D22983EE65009349AC /* XCRemoteSwiftPackageReference "firebase-ios-sdk" */;
			productName = FirebaseAuth;
		};
		B546A8D52983EE65009349AC /* FirebaseFirestore */ = {
			isa = XCSwiftPackageProductDependency;
			package = B546A8D22983EE65009349AC /* XCRemoteSwiftPackageReference "firebase-ios-sdk" */;
			productName = FirebaseFirestore;
		};
		B546A8D72983EE65009349AC /* FirebaseFirestoreSwift */ = {
			isa = XCSwiftPackageProductDependency;
			package = B546A8D22983EE65009349AC /* XCRemoteSwiftPackageReference "firebase-ios-sdk" */;
			productName = FirebaseFirestoreSwift;
		};
		B546A8D92983EE65009349AC /* FirebaseStorage */ = {
			isa = XCSwiftPackageProductDependency;
			package = B546A8D22983EE65009349AC /* XCRemoteSwiftPackageReference "firebase-ios-sdk" */;
			productName = FirebaseStorage;
		};
		B5EA033729819A61002D394E /* SDWebImageSwiftUI */ = {
			isa = XCSwiftPackageProductDependency;
			package = B5EA033629819A60002D394E /* XCRemoteSwiftPackageReference "SDWebImageSwiftUI" */;
			productName = SDWebImageSwiftUI;
		};
/* End XCSwiftPackageProductDependency section */
	};
	rootObject = B5EA030729803973002D394E /* Project object */;
}
